Microsoft Visual Studio Solution File, Format Version 12.00
# Visual Studio 2012
Project("{FAE04EC0-301F-11D3-BF4B-00C04F79EFBC}") = "Rogue Gambit", "Rogue Gambit.csproj", "{8F5C5AB6-B6CF-41C0-B6BD-6CC3BF98427D}"
EndProject
Global
	GlobalSection(SolutionConfigurationPlatforms) = preSolution
	Debug|Any CPU = Debug|Any CPU
	ExportDebug|Any CPU = ExportDebug|Any CPU
	ExportRelease|Any CPU = ExportRelease|Any CPU
	EndGlobalSection
	GlobalSection(ProjectConfigurationPlatforms) = postSolution
		{8F5C5AB6-B6CF-41C0-B6BD-6CC3BF98427D}.Debug|Any CPU.ActiveCfg = Debug|Any CPU
		{8F5C5AB6-B6CF-41C0-B6BD-6CC3BF98427D}.Debug|Any CPU.Build.0 = Debug|Any CPU
		{8F5C5AB6-B6CF-41C0-B6BD-6CC3BF98427D}.ExportDebug|Any CPU.ActiveCfg = ExportDebug|Any CPU
		{8F5C5AB6-B6CF-41C0-B6BD-6CC3BF98427D}.ExportDebug|Any CPU.Build.0 = ExportDebug|Any CPU
		{8F5C5AB6-B6CF-41C0-B6BD-6CC3BF98427D}.ExportRelease|Any CPU.ActiveCfg = ExportRelease|Any CPU
		{8F5C5AB6-B6CF-41C0-B6BD-6CC3BF98427D}.ExportRelease|Any CPU.Build.0 = ExportRelease|Any CPU
	EndGlobalSection
EndGlobal
